// !$*UTF8*$!
{
	archiveVersion = 1;
	classes = {
	};
	objectVersion = 55;
	objects = {

/* Begin PBXBuildFile section */
		7DE47F9427A703030077E5A7 /* AppDelegate.swift in Sources */ = {isa = PBXBuildFile; fileRef = 7DE47F9327A703030077E5A7 /* AppDelegate.swift */; };
		7DE47F9627A703030077E5A7 /* SceneDelegate.swift in Sources */ = {isa = PBXBuildFile; fileRef = 7DE47F9527A703030077E5A7 /* SceneDelegate.swift */; };
		7DE47F9827A703030077E5A7 /* ViewController.swift in Sources */ = {isa = PBXBuildFile; fileRef = 7DE47F9727A703030077E5A7 /* ViewController.swift */; };
		7DE47F9B27A703030077E5A7 /* Main.storyboard in Resources */ = {isa = PBXBuildFile; fileRef = 7DE47F9927A703030077E5A7 /* Main.storyboard */; };
		7DE47F9D27A703050077E5A7 /* Assets.xcassets in Resources */ = {isa = PBXBuildFile; fileRef = 7DE47F9C27A703050077E5A7 /* Assets.xcassets */; };
		7DE47FA027A703050077E5A7 /* LaunchScreen.storyboard in Resources */ = {isa = PBXBuildFile; fileRef = 7DE47F9E27A703050077E5A7 /* LaunchScreen.storyboard */; };
		7DE47FAB27A703060077E5A7 /* PostTests.swift in Sources */ = {isa = PBXBuildFile; fileRef = 7DE47FAA27A703060077E5A7 /* PostTests.swift */; };
		7DE47FB527A703060077E5A7 /* PostUITests.swift in Sources */ = {isa = PBXBuildFile; fileRef = 7DE47FB427A703060077E5A7 /* PostUITests.swift */; };
		7DE47FB727A703060077E5A7 /* PostUITestsLaunchTests.swift in Sources */ = {isa = PBXBuildFile; fileRef = 7DE47FB627A703060077E5A7 /* PostUITestsLaunchTests.swift */; };
		7DE47FC527A703680077E5A7 /* PostView.swift in Sources */ = {isa = PBXBuildFile; fileRef = 7DE47FC427A703680077E5A7 /* PostView.swift */; };
		7DE47FC827A70AC60077E5A7 /* UIColorExtension.swift in Sources */ = {isa = PBXBuildFile; fileRef = 7DE47FC727A70AC60077E5A7 /* UIColorExtension.swift */; };
/* End PBXBuildFile section */

/* Begin PBXContainerItemProxy section */
		7DE47FA727A703060077E5A7 /* PBXContainerItemProxy */ = {
			isa = PBXContainerItemProxy;
			containerPortal = 7DE47F8827A703030077E5A7 /* Project object */;
			proxyType = 1;
			remoteGlobalIDString = 7DE47F8F27A703030077E5A7;
			remoteInfo = Post;
		};
		7DE47FB127A703060077E5A7 /* PBXContainerItemProxy */ = {
			isa = PBXContainerItemProxy;
			containerPortal = 7DE47F8827A703030077E5A7 /* Project object */;
			proxyType = 1;
			remoteGlobalIDString = 7DE47F8F27A703030077E5A7;
			remoteInfo = Post;
		};
/* End PBXContainerItemProxy section */

/* Begin PBXFileReference section */
		7DE47F9027A703030077E5A7 /* Post.app */ = {isa = PBXFileReference; explicitFileType = wrapper.application; includeInIndex = 0; path = Post.app; sourceTree = BUILT_PRODUCTS_DIR; };
		7DE47F9327A703030077E5A7 /* AppDelegate.swift */ = {isa = PBXFileReference; lastKnownFileType = sourcecode.swift; path = AppDelegate.swift; sourceTree = "<group>"; };
		7DE47F9527A703030077E5A7 /* SceneDelegate.swift */ = {isa = PBXFileReference; lastKnownFileType = sourcecode.swift; path = SceneDelegate.swift; sourceTree = "<group>"; };
		7DE47F9727A703030077E5A7 /* ViewController.swift */ = {isa = PBXFileReference; lastKnownFileType = sourcecode.swift; path = ViewController.swift; sourceTree = "<group>"; };
		7DE47F9A27A703030077E5A7 /* Base */ = {isa = PBXFileReference; lastKnownFileType = file.storyboard; name = Base; path = Base.lproj/Main.storyboard; sourceTree = "<group>"; };
		7DE47F9C27A703050077E5A7 /* Assets.xcassets */ = {isa = PBXFileReference; lastKnownFileType = folder.assetcatalog; path = Assets.xcassets; sourceTree = "<group>"; };
		7DE47F9F27A703050077E5A7 /* Base */ = {isa = PBXFileReference; lastKnownFileType = file.storyboard; name = Base; path = Base.lproj/LaunchScreen.storyboard; sourceTree = "<group>"; };
		7DE47FA127A703050077E5A7 /* Info.plist */ = {isa = PBXFileReference; lastKnownFileType = text.plist.xml; path = Info.plist; sourceTree = "<group>"; };
		7DE47FA627A703060077E5A7 /* PostTests.xctest */ = {isa = PBXFileReference; explicitFileType = wrapper.cfbundle; includeInIndex = 0; path = PostTests.xctest; sourceTree = BUILT_PRODUCTS_DIR; };
		7DE47FAA27A703060077E5A7 /* PostTests.swift */ = {isa = PBXFileReference; lastKnownFileType = sourcecode.swift; path = PostTests.swift; sourceTree = "<group>"; };
		7DE47FB027A703060077E5A7 /* PostUITests.xctest */ = {isa = PBXFileReference; explicitFileType = wrapper.cfbundle; includeInIndex = 0; path = PostUITests.xctest; sourceTree = BUILT_PRODUCTS_DIR; };
		7DE47FB427A703060077E5A7 /* PostUITests.swift */ = {isa = PBXFileReference; lastKnownFileType = sourcecode.swift; path = PostUITests.swift; sourceTree = "<group>"; };
		7DE47FB627A703060077E5A7 /* PostUITestsLaunchTests.swift */ = {isa = PBXFileReference; lastKnownFileType = sourcecode.swift; path = PostUITestsLaunchTests.swift; sourceTree = "<group>"; };
		7DE47FC427A703680077E5A7 /* PostView.swift */ = {isa = PBXFileReference; lastKnownFileType = sourcecode.swift; path = PostView.swift; sourceTree = "<group>"; };
		7DE47FC727A70AC60077E5A7 /* UIColorExtension.swift */ = {isa = PBXFileReference; lastKnownFileType = sourcecode.swift; path = UIColorExtension.swift; sourceTree = "<group>"; };
/* End PBXFileReference section */

/* Begin PBXFrameworksBuildPhase section */
		7DE47F8D27A703030077E5A7 /* Frameworks */ = {
			isa = PBXFrameworksBuildPhase;
			buildActionMask = 2147483647;
			files = (
			);
			runOnlyForDeploymentPostprocessing = 0;
		};
		7DE47FA327A703060077E5A7 /* Frameworks */ = {
			isa = PBXFrameworksBuildPhase;
			buildActionMask = 2147483647;
			files = (
			);
			runOnlyForDeploymentPostprocessing = 0;
		};
		7DE47FAD27A703060077E5A7 /* Frameworks */ = {
			isa = PBXFrameworksBuildPhase;
			buildActionMask = 2147483647;
			files = (
			);
			runOnlyForDeploymentPostprocessing = 0;
		};
/* End PBXFrameworksBuildPhase section */

/* Begin PBXGroup section */
		7DE47F8727A703030077E5A7 = {
			isa = PBXGroup;
			children = (
				7DE47F9227A703030077E5A7 /* Post */,
				7DE47FA927A703060077E5A7 /* PostTests */,
				7DE47FB327A703060077E5A7 /* PostUITests */,
				7DE47F9127A703030077E5A7 /* Products */,
			);
			sourceTree = "<group>";
		};
		7DE47F9127A703030077E5A7 /* Products */ = {
			isa = PBXGroup;
			children = (
				7DE47F9027A703030077E5A7 /* Post.app */,
				7DE47FA627A703060077E5A7 /* PostTests.xctest */,
				7DE47FB027A703060077E5A7 /* PostUITests.xctest */,
			);
			name = Products;
			sourceTree = "<group>";
		};
		7DE47F9227A703030077E5A7 /* Post */ = {
			isa = PBXGroup;
			children = (
				7DE47FC627A70AB40077E5A7 /* Extensions  */,
				7DE47FC327A7032C0077E5A7 /* View */,
				7DE47F9327A703030077E5A7 /* AppDelegate.swift */,
				7DE47F9527A703030077E5A7 /* SceneDelegate.swift */,
				7DE47F9727A703030077E5A7 /* ViewController.swift */,
				7DE47F9927A703030077E5A7 /* Main.storyboard */,
				7DE47F9C27A703050077E5A7 /* Assets.xcassets */,
				7DE47F9E27A703050077E5A7 /* LaunchScreen.storyboard */,
				7DE47FA127A703050077E5A7 /* Info.plist */,
			);
			path = Post;
			sourceTree = "<group>";
		};
		7DE47FA927A703060077E5A7 /* PostTests */ = {
			isa = PBXGroup;
			children = (
				7DE47FAA27A703060077E5A7 /* PostTests.swift */,
			);
			path = PostTests;
			sourceTree = "<group>";
		};
		7DE47FB327A703060077E5A7 /* PostUITests */ = {
			isa = PBXGroup;
			children = (
				7DE47FB427A703060077E5A7 /* PostUITests.swift */,
				7DE47FB627A703060077E5A7 /* PostUITestsLaunchTests.swift */,
			);
			path = PostUITests;
			sourceTree = "<group>";
		};
		7DE47FC327A7032C0077E5A7 /* View */ = {
			isa = PBXGroup;
			children = (
				7DE47FC427A703680077E5A7 /* PostView.swift */,
			);
			path = View;
			sourceTree = "<group>";
		};
		7DE47FC627A70AB40077E5A7 /* Extensions  */ = {
			isa = PBXGroup;
			children = (
				7DE47FC727A70AC60077E5A7 /* UIColorExtension.swift */,
			);
			path = "Extensions ";
			sourceTree = "<group>";
		};
/* End PBXGroup section */

/* Begin PBXNativeTarget section */
		7DE47F8F27A703030077E5A7 /* Post */ = {
			isa = PBXNativeTarget;
			buildConfigurationList = 7DE47FBA27A703060077E5A7 /* Build configuration list for PBXNativeTarget "Post" */;
			buildPhases = (
				7DE47F8C27A703030077E5A7 /* Sources */,
				7DE47F8D27A703030077E5A7 /* Frameworks */,
				7DE47F8E27A703030077E5A7 /* Resources */,
			);
			buildRules = (
			);
			dependencies = (
			);
			name = Post;
			productName = Post;
			productReference = 7DE47F9027A703030077E5A7 /* Post.app */;
			productType = "com.apple.product-type.application";
		};
		7DE47FA527A703060077E5A7 /* PostTests */ = {
			isa = PBXNativeTarget;
			buildConfigurationList = 7DE47FBD27A703060077E5A7 /* Build configuration list for PBXNativeTarget "PostTests" */;
			buildPhases = (
				7DE47FA227A703060077E5A7 /* Sources */,
				7DE47FA327A703060077E5A7 /* Frameworks */,
				7DE47FA427A703060077E5A7 /* Resources */,
			);
			buildRules = (
			);
			dependencies = (
				7DE47FA827A703060077E5A7 /* PBXTargetDependency */,
			);
			name = PostTests;
			productName = PostTests;
			productReference = 7DE47FA627A703060077E5A7 /* PostTests.xctest */;
			productType = "com.apple.product-type.bundle.unit-test";
		};
		7DE47FAF27A703060077E5A7 /* PostUITests */ = {
			isa = PBXNativeTarget;
			buildConfigurationList = 7DE47FC027A703060077E5A7 /* Build configuration list for PBXNativeTarget "PostUITests" */;
			buildPhases = (
				7DE47FAC27A703060077E5A7 /* Sources */,
				7DE47FAD27A703060077E5A7 /* Frameworks */,
				7DE47FAE27A703060077E5A7 /* Resources */,
			);
			buildRules = (
			);
			dependencies = (
				7DE47FB227A703060077E5A7 /* PBXTargetDependency */,
			);
			name = PostUITests;
			productName = PostUITests;
			productReference = 7DE47FB027A703060077E5A7 /* PostUITests.xctest */;
			productType = "com.apple.product-type.bundle.ui-testing";
		};
/* End PBXNativeTarget section */

/* Begin PBXProject section */
		7DE47F8827A703030077E5A7 /* Project object */ = {
			isa = PBXProject;
			attributes = {
				BuildIndependentTargetsInParallel = 1;
				LastSwiftUpdateCheck = 1310;
				LastUpgradeCheck = 1310;
				TargetAttributes = {
					7DE47F8F27A703030077E5A7 = {
						CreatedOnToolsVersion = 13.1;
					};
					7DE47FA527A703060077E5A7 = {
						CreatedOnToolsVersion = 13.1;
						TestTargetID = 7DE47F8F27A703030077E5A7;
					};
					7DE47FAF27A703060077E5A7 = {
						CreatedOnToolsVersion = 13.1;
						TestTargetID = 7DE47F8F27A703030077E5A7;
					};
				};
			};
			buildConfigurationList = 7DE47F8B27A703030077E5A7 /* Build configuration list for PBXProject "Post" */;
			compatibilityVersion = "Xcode 13.0";
			developmentRegion = en;
			hasScannedForEncodings = 0;
			knownRegions = (
				en,
				Base,
			);
			mainGroup = 7DE47F8727A703030077E5A7;
			productRefGroup = 7DE47F9127A703030077E5A7 /* Products */;
			projectDirPath = "";
			projectRoot = "";
			targets = (
				7DE47F8F27A703030077E5A7 /* Post */,
				7DE47FA527A703060077E5A7 /* PostTests */,
				7DE47FAF27A703060077E5A7 /* PostUITests */,
			);
		};
/* End PBXProject section */

/* Begin PBXResourcesBuildPhase section */
		7DE47F8E27A703030077E5A7 /* Resources */ = {
			isa = PBXResourcesBuildPhase;
			buildActionMask = 2147483647;
			files = (
				7DE47FA027A703050077E5A7 /* LaunchScreen.storyboard in Resources */,
				7DE47F9D27A703050077E5A7 /* Assets.xcassets in Resources */,
				7DE47F9B27A703030077E5A7 /* Main.storyboard in Resources */,
			);
			runOnlyForDeploymentPostprocessing = 0;
		};
		7DE47FA427A703060077E5A7 /* Resources */ = {
			isa = PBXResourcesBuildPhase;
			buildActionMask = 2147483647;
			files = (
			);
			runOnlyForDeploymentPostprocessing = 0;
		};
		7DE47FAE27A703060077E5A7 /* Resources */ = {
			isa = PBXResourcesBuildPhase;
			buildActionMask = 2147483647;
			files = (
			);
			runOnlyForDeploymentPostprocessing = 0;
		};
/* End PBXResourcesBuildPhase section */

/* Begin PBXSourcesBuildPhase section */
		7DE47F8C27A703030077E5A7 /* Sources */ = {
			isa = PBXSourcesBuildPhase;
			buildActionMask = 2147483647;
			files = (
				7DE47F9827A703030077E5A7 /* ViewController.swift in Sources */,
				7DE47F9427A703030077E5A7 /* AppDelegate.swift in Sources */,
				7DE47FC827A70AC60077E5A7 /* UIColorExtension.swift in Sources */,
				7DE47F9627A703030077E5A7 /* SceneDelegate.swift in Sources */,
				7DE47FC527A703680077E5A7 /* PostView.swift in Sources */,
			);
			runOnlyForDeploymentPostprocessing = 0;
		};
		7DE47FA227A703060077E5A7 /* Sources */ = {
			isa = PBXSourcesBuildPhase;
			buildActionMask = 2147483647;
			files = (
				7DE47FAB27A703060077E5A7 /* PostTests.swift in Sources */,
			);
			runOnlyForDeploymentPostprocessing = 0;
		};
		7DE47FAC27A703060077E5A7 /* Sources */ = {
			isa = PBXSourcesBuildPhase;
			buildActionMask = 2147483647;
			files = (
				7DE47FB727A703060077E5A7 /* PostUITestsLaunchTests.swift in Sources */,
				7DE47FB527A703060077E5A7 /* PostUITests.swift in Sources */,
			);
			runOnlyForDeploymentPostprocessing = 0;
		};
/* End PBXSourcesBuildPhase section */

/* Begin PBXTargetDependency section */
		7DE47FA827A703060077E5A7 /* PBXTargetDependency */ = {
			isa = PBXTargetDependency;
			target = 7DE47F8F27A703030077E5A7 /* Post */;
			targetProxy = 7DE47FA727A703060077E5A7 /* PBXContainerItemProxy */;
		};
		7DE47FB227A703060077E5A7 /* PBXTargetDependency */ = {
			isa = PBXTargetDependency;
			target = 7DE47F8F27A703030077E5A7 /* Post */;
			targetProxy = 7DE47FB127A703060077E5A7 /* PBXContainerItemProxy */;
		};
/* End PBXTargetDependency section */

/* Begin PBXVariantGroup section */
		7DE47F9927A703030077E5A7 /* Main.storyboard */ = {
			isa = PBXVariantGroup;
			children = (
				7DE47F9A27A703030077E5A7 /* Base */,
			);
			name = Main.storyboard;
			sourceTree = "<group>";
		};
		7DE47F9E27A703050077E5A7 /* LaunchScreen.storyboard */ = {
			isa = PBXVariantGroup;
			children = (
				7DE47F9F27A703050077E5A7 /* Base */,
			);
			name = LaunchScreen.storyboard;
			sourceTree = "<group>";
		};
/* End PBXVariantGroup section */

/* Begin XCBuildConfiguration section */
		7DE47FB827A703060077E5A7 /* Debug */ = {
			isa = XCBuildConfiguration;
			buildSettings = {
				ALWAYS_SEARCH_USER_PATHS = NO;
				CLANG_ANALYZER_NONNULL = YES;
				CLANG_ANALYZER_NUMBER_OBJECT_CONVERSION = YES_AGGRESSIVE;
				CLANG_CXX_LANGUAGE_STANDARD = "gnu++17";
				CLANG_CXX_LIBRARY = "libc++";
				CLANG_ENABLE_MODULES = YES;
				CLANG_ENABLE_OBJC_ARC = YES;
				CLANG_ENABLE_OBJC_WEAK = YES;
				CLANG_WARN_BLOCK_CAPTURE_AUTORELEASING = YES;
				CLANG_WARN_BOOL_CONVERSION = YES;
				CLANG_WARN_COMMA = YES;
				CLANG_WARN_CONSTANT_CONVERSION = YES;
				CLANG_WARN_DEPRECATED_OBJC_IMPLEMENTATIONS = YES;
				CLANG_WARN_DIRECT_OBJC_ISA_USAGE = YES_ERROR;
				CLANG_WARN_DOCUMENTATION_COMMENTS = YES;
				CLANG_WARN_EMPTY_BODY = YES;
				CLANG_WARN_ENUM_CONVERSION = YES;
				CLANG_WARN_INFINITE_RECURSION = YES;
				CLANG_WARN_INT_CONVERSION = YES;
				CLANG_WARN_NON_LITERAL_NULL_CONVERSION = YES;
				CLANG_WARN_OBJC_IMPLICIT_RETAIN_SELF = YES;
				CLANG_WARN_OBJC_LITERAL_CONVERSION = YES;
				CLANG_WARN_OBJC_ROOT_CLASS = YES_ERROR;
				CLANG_WARN_QUOTED_INCLUDE_IN_FRAMEWORK_HEADER = YES;
				CLANG_WARN_RANGE_LOOP_ANALYSIS = YES;
				CLANG_WARN_STRICT_PROTOTYPES = YES;
				CLANG_WARN_SUSPICIOUS_MOVE = YES;
				CLANG_WARN_UNGUARDED_AVAILABILITY = YES_AGGRESSIVE;
				CLANG_WARN_UNREACHABLE_CODE = YES;
				CLANG_WARN__DUPLICATE_METHOD_MATCH = YES;
				COPY_PHASE_STRIP = NO;
				DEBUG_INFORMATION_FORMAT = dwarf;
				ENABLE_STRICT_OBJC_MSGSEND = YES;
				ENABLE_TESTABILITY = YES;
				GCC_C_LANGUAGE_STANDARD = gnu11;
				GCC_DYNAMIC_NO_PIC = NO;
				GCC_NO_COMMON_BLOCKS = YES;
				GCC_OPTIMIZATION_LEVEL = 0;
				GCC_PREPROCESSOR_DEFINITIONS = (
					"DEBUG=1",
					"$(inherited)",
				);
				GCC_WARN_64_TO_32_BIT_CONVERSION = YES;
				GCC_WARN_ABOUT_RETURN_TYPE = YES_ERROR;
				GCC_WARN_UNDECLARED_SELECTOR = YES;
				GCC_WARN_UNINITIALIZED_AUTOS = YES_AGGRESSIVE;
				GCC_WARN_UNUSED_FUNCTION = YES;
				GCC_WARN_UNUSED_VARIABLE = YES;
				IPHONEOS_DEPLOYMENT_TARGET = 15.0;
				MTL_ENABLE_DEBUG_INFO = INCLUDE_SOURCE;
				MTL_FAST_MATH = YES;
				ONLY_ACTIVE_ARCH = YES;
				SDKROOT = iphoneos;
				SWIFT_ACTIVE_COMPILATION_CONDITIONS = DEBUG;
				SWIFT_OPTIMIZATION_LEVEL = "-Onone";
			};
			name = Debug;
		};
		7DE47FB927A703060077E5A7 /* Release */ = {
			isa = XCBuildConfiguration;
			buildSettings = {
				ALWAYS_SEARCH_USER_PATHS = NO;
				CLANG_ANALYZER_NONNULL = YES;
				CLANG_ANALYZER_NUMBER_OBJECT_CONVERSION = YES_AGGRESSIVE;
				CLANG_CXX_LANGUAGE_STANDARD = "gnu++17";
				CLANG_CXX_LIBRARY = "libc++";
				CLANG_ENABLE_MODULES = YES;
				CLANG_ENABLE_OBJC_ARC = YES;
				CLANG_ENABLE_OBJC_WEAK = YES;
				CLANG_WARN_BLOCK_CAPTURE_AUTORELEASING = YES;
				CLANG_WARN_BOOL_CONVERSION = YES;
				CLANG_WARN_COMMA = YES;
				CLANG_WARN_CONSTANT_CONVERSION = YES;
				CLANG_WARN_DEPRECATED_OBJC_IMPLEMENTATIONS = YES;
				CLANG_WARN_DIRECT_OBJC_ISA_USAGE = YES_ERROR;
				CLANG_WARN_DOCUMENTATION_COMMENTS = YES;
				CLANG_WARN_EMPTY_BODY = YES;
				CLANG_WARN_ENUM_CONVERSION = YES;
				CLANG_WARN_INFINITE_RECURSION = YES;
				CLANG_WARN_INT_CONVERSION = YES;
				CLANG_WARN_NON_LITERAL_NULL_CONVERSION = YES;
				CLANG_WARN_OBJC_IMPLICIT_RETAIN_SELF = YES;
				CLANG_WARN_OBJC_LITERAL_CONVERSION = YES;
				CLANG_WARN_OBJC_ROOT_CLASS = YES_ERROR;
				CLANG_WARN_QUOTED_INCLUDE_IN_FRAMEWORK_HEADER = YES;
				CLANG_WARN_RANGE_LOOP_ANALYSIS = YES;
				CLANG_WARN_STRICT_PROTOTYPES = YES;
				CLANG_WARN_SUSPICIOUS_MOVE = YES;
				CLANG_WARN_UNGUARDED_AVAILABILITY = YES_AGGRESSIVE;
				CLANG_WARN_UNREACHABLE_CODE = YES;
				CLANG_WARN__DUPLICATE_METHOD_MATCH = YES;
				COPY_PHASE_STRIP = NO;
				DEBUG_INFORMATION_FORMAT = "dwarf-with-dsym";
				ENABLE_NS_ASSERTIONS = NO;
				ENABLE_STRICT_OBJC_MSGSEND = YES;
				GCC_C_LANGUAGE_STANDARD = gnu11;
				GCC_NO_COMMON_BLOCKS = YES;
				GCC_WARN_64_TO_32_BIT_CONVERSION = YES;
				GCC_WARN_ABOUT_RETURN_TYPE = YES_ERROR;
				GCC_WARN_UNDECLARED_SELECTOR = YES;
				GCC_WARN_UNINITIALIZED_AUTOS = YES_AGGRESSIVE;
				GCC_WARN_UNUSED_FUNCTION = YES;
				GCC_WARN_UNUSED_VARIABLE = YES;
				IPHONEOS_DEPLOYMENT_TARGET = 15.0;
				MTL_ENABLE_DEBUG_INFO = NO;
				MTL_FAST_MATH = YES;
				SDKROOT = iphoneos;
				SWIFT_COMPILATION_MODE = wholemodule;
				SWIFT_OPTIMIZATION_LEVEL = "-O";
				VALIDATE_PRODUCT = YES;
			};
			name = Release;
		};
		7DE47FBB27A703060077E5A7 /* Debug */ = {
			isa = XCBuildConfiguration;
			buildSettings = {
				ASSETCATALOG_COMPILER_APPICON_NAME = AppIcon;
				ASSETCATALOG_COMPILER_GLOBAL_ACCENT_COLOR_NAME = AccentColor;
				CODE_SIGN_STYLE = Automatic;
				CURRENT_PROJECT_VERSION = 1;
				GENERATE_INFOPLIST_FILE = YES;
				INFOPLIST_FILE = Post/Info.plist;
				INFOPLIST_KEY_UIApplicationSupportsIndirectInputEvents = YES;
				INFOPLIST_KEY_UILaunchStoryboardName = LaunchScreen;
				INFOPLIST_KEY_UIMainStoryboardFile = Main;
				INFOPLIST_KEY_UISupportedInterfaceOrientations_iPad = "UIInterfaceOrientationPortrait UIInterfaceOrientationPortraitUpsideDown UIInterfaceOrientationLandscapeLeft UIInterfaceOrientationLandscapeRight";
				INFOPLIST_KEY_UISupportedInterfaceOrientations_iPhone = "UIInterfaceOrientationPortrait UIInterfaceOrientationLandscapeLeft UIInterfaceOrientationLandscapeRight";
				LD_RUNPATH_SEARCH_PATHS = (
					"$(inherited)",
					"@executable_path/Frameworks",
				);
				MARKETING_VERSION = 1.0;
				PRODUCT_BUNDLE_IDENTIFIER = InterviewKickStart.Post;
				PRODUCT_NAME = "$(TARGET_NAME)";
				SWIFT_EMIT_LOC_STRINGS = YES;
				SWIFT_VERSION = 5.0;
				TARGETED_DEVICE_FAMILY = "1,2";
			};
			name = Debug;
		};
		7DE47FBC27A703060077E5A7 /* Release */ = {
			isa = XCBuildConfiguration;
			buildSettings = {
				ASSETCATALOG_COMPILER_APPICON_NAME = AppIcon;
				ASSETCATALOG_COMPILER_GLOBAL_ACCENT_COLOR_NAME = AccentColor;
				CODE_SIGN_STYLE = Automatic;
				CURRENT_PROJECT_VERSION = 1;
				GENERATE_INFOPLIST_FILE = YES;
				INFOPLIST_FILE = Post/Info.plist;
				INFOPLIST_KEY_UIApplicationSupportsIndirectInputEvents = YES;
				INFOPLIST_KEY_UILaunchStoryboardName = LaunchScreen;
				INFOPLIST_KEY_UIMainStoryboardFile = Main;
				INFOPLIST_KEY_UISupportedInterfaceOrientations_iPad = "UIInterfaceOrientationPortrait UIInterfaceOrientationPortraitUpsideDown UIInterfaceOrientationLandscapeLeft UIInterfaceOrientationLandscapeRight";
				INFOPLIST_KEY_UISupportedInterfaceOrientations_iPhone = "UIInterfaceOrientationPortrait UIInterfaceOrientationLandscapeLeft UIInterfaceOrientationLandscapeRight";
				LD_RUNPATH_SEARCH_PATHS = (
					"$(inherited)",
					"@executable_path/Frameworks",
				);
				MARKETING_VERSION = 1.0;
				PRODUCT_BUNDLE_IDENTIFIER = InterviewKickStart.Post;
				PRODUCT_NAME = "$(TARGET_NAME)";
				SWIFT_EMIT_LOC_STRINGS = YES;
				SWIFT_VERSION = 5.0;
				TARGETED_DEVICE_FAMILY = "1,2";
			};
			name = Release;
		};
		7DE47FBE27A703060077E5A7 /* Debug */ = {
			isa = XCBuildConfiguration;
			buildSettings = {
				ALWAYS_EMBED_SWIFT_STANDARD_LIBRARIES = YES;
				BUNDLE_LOADER = "$(TEST_HOST)";
				CODE_SIGN_STYLE = Automatic;
				CURRENT_PROJECT_VERSION = 1;
				GENERATE_INFOPLIST_FILE = YES;
				IPHONEOS_DEPLOYMENT_TARGET = 15.0;
				LD_RUNPATH_SEARCH_PATHS = (
					"$(inherited)",
					"@executable_path/Frameworks",
					"@loader_path/Frameworks",
				);
				MARKETING_VERSION = 1.0;
				PRODUCT_BUNDLE_IDENTIFIER = InterviewKickStart.PostTests;
				PRODUCT_NAME = "$(TARGET_NAME)";
				SWIFT_EMIT_LOC_STRINGS = NO;
				SWIFT_VERSION = 5.0;
				TARGETED_DEVICE_FAMILY = "1,2";
				TEST_HOST = "$(BUILT_PRODUCTS_DIR)/Post.app/Post";
			};
			name = Debug;
		};
		7DE47FBF27A703060077E5A7 /* Release */ = {
			isa = XCBuildConfiguration;
			buildSettings = {
				ALWAYS_EMBED_SWIFT_STANDARD_LIBRARIES = YES;
				BUNDLE_LOADER = "$(TEST_HOST)";
				CODE_SIGN_STYLE = Automatic;
				CURRENT_PROJECT_VERSION = 1;
				GENERATE_INFOPLIST_FILE = YES;
				IPHONEOS_DEPLOYMENT_TARGET = 15.0;
				LD_RUNPATH_SEARCH_PATHS = (
					"$(inherited)",
					"@executable_path/Frameworks",
					"@loader_path/Frameworks",
				);
				MARKETING_VERSION = 1.0;
				PRODUCT_BUNDLE_IDENTIFIER = InterviewKickStart.PostTests;
				PRODUCT_NAME = "$(TARGET_NAME)";
				SWIFT_EMIT_LOC_STRINGS = NO;
				SWIFT_VERSION = 5.0;
				TARGETED_DEVICE_FAMILY = "1,2";
				TEST_HOST = "$(BUILT_PRODUCTS_DIR)/Post.app/Post";
			};
			name = Release;
		};
		7DE47FC127A703060077E5A7 /* Debug */ = {
			isa = XCBuildConfiguration;
			buildSettings = {
				ALWAYS_EMBED_SWIFT_STANDARD_LIBRARIES = YES;
				CODE_SIGN_STYLE = Automatic;
				CURRENT_PROJECT_VERSION = 1;
				GENERATE_INFOPLIST_FILE = YES;
				LD_RUNPATH_SEARCH_PATHS = (
					"$(inherited)",
					"@executable_path/Frameworks",
					"@loader_path/Frameworks",
				);
				MARKETING_VERSION = 1.0;
				PRODUCT_BUNDLE_IDENTIFIER = InterviewKickStart.PostUITests;
				PRODUCT_NAME = "$(TARGET_NAME)";
				SWIFT_EMIT_LOC_STRINGS = NO;
				SWIFT_VERSION = 5.0;
				TARGETED_DEVICE_FAMILY = "1,2";
				TEST_TARGET_NAME = Post;
			};
			name = Debug;
		};
		7DE47FC227A703060077E5A7 /* Release */ = {
			isa = XCBuildConfiguration;
			buildSettings = {
				ALWAYS_EMBED_SWIFT_STANDARD_LIBRARIES = YES;
				CODE_SIGN_STYLE = Automatic;
				CURRENT_PROJECT_VERSION = 1;
				GENERATE_INFOPLIST_FILE = YES;
				LD_RUNPATH_SEARCH_PATHS = (
					"$(inherited)",
					"@executable_path/Frameworks",
					"@loader_path/Frameworks",
				);
				MARKETING_VERSION = 1.0;
				PRODUCT_BUNDLE_IDENTIFIER = InterviewKickStart.PostUITests;
				PRODUCT_NAME = "$(TARGET_NAME)";
				SWIFT_EMIT_LOC_STRINGS = NO;
				SWIFT_VERSION = 5.0;
				TARGETED_DEVICE_FAMILY = "1,2";
				TEST_TARGET_NAME = Post;
			};
			name = Release;
		};
/* End XCBuildConfiguration section */

/* Begin XCConfigurationList section */
		7DE47F8B27A703030077E5A7 /* Build configuration list for PBXProject "Post" */ = {
			isa = XCConfigurationList;
			buildConfigurations = (
				7DE47FB827A703060077E5A7 /* Debug */,
				7DE47FB927A703060077E5A7 /* Release */,
			);
			defaultConfigurationIsVisible = 0;
			defaultConfigurationName = Release;
		};
		7DE47FBA27A703060077E5A7 /* Build configuration list for PBXNativeTarget "Post" */ = {
			isa = XCConfigurationList;
			buildConfigurations = (
				7DE47FBB27A703060077E5A7 /* Debug */,
				7DE47FBC27A703060077E5A7 /* Release */,
			);
			defaultConfigurationIsVisible = 0;
			defaultConfigurationName = Release;
		};
		7DE47FBD27A703060077E5A7 /* Build configuration list for PBXNativeTarget "PostTests" */ = {
			isa = XCConfigurationList;
			buildConfigurations = (
				7DE47FBE27A703060077E5A7 /* Debug */,
				7DE47FBF27A703060077E5A7 /* Release */,
			);
			defaultConfigurationIsVisible = 0;
			defaultConfigurationName = Release;
		};
		7DE47FC027A703060077E5A7 /* Build configuration list for PBXNativeTarget "PostUITests" */ = {
			isa = XCConfigurationList;
			buildConfigurations = (
				7DE47FC127A703060077E5A7 /* Debug */,
				7DE47FC227A703060077E5A7 /* Release */,
			);
			defaultConfigurationIsVisible = 0;
			defaultConfigurationName = Release;
		};
/* End XCConfigurationList section */
	};
	rootObject = 7DE47F8827A703030077E5A7 /* Project object */;
}
